// !$*UTF8*$!
{
	archiveVersion = 1;
	classes = {
	};
	objectVersion = 46;
	objects = {

/* Begin PBXBuildFile section */
		54C70A00172AA98200FAFC66 /* UIKit.framework in Frameworks */ = {isa = PBXBuildFile; fileRef = 54C709FF172AA98200FAFC66 /* UIKit.framework */; };
		54C70A02172AA98200FAFC66 /* Foundation.framework in Frameworks */ = {isa = PBXBuildFile; fileRef = 54C70A01172AA98200FAFC66 /* Foundation.framework */; };
		54C70A04172AA98200FAFC66 /* CoreGraphics.framework in Frameworks */ = {isa = PBXBuildFile; fileRef = 54C70A03172AA98200FAFC66 /* CoreGraphics.framework */; };
		54C70A0A172AA98200FAFC66 /* InfoPlist.strings in Resources */ = {isa = PBXBuildFile; fileRef = 54C70A08172AA98200FAFC66 /* InfoPlist.strings */; };
		54C70A0C172AA98200FAFC66 /* main.m in Sources */ = {isa = PBXBuildFile; fileRef = 54C70A0B172AA98200FAFC66 /* main.m */; };
		54C70A10172AA98200FAFC66 /* AppDelegate.m in Sources */ = {isa = PBXBuildFile; fileRef = 54C70A0F172AA98200FAFC66 /* AppDelegate.m */; };
		54C70A12172AA98200FAFC66 /* Default.png in Resources */ = {isa = PBXBuildFile; fileRef = 54C70A11172AA98200FAFC66 /* Default.png */; };
		54C70A14172AA98200FAFC66 /* Default@2x.png in Resources */ = {isa = PBXBuildFile; fileRef = 54C70A13172AA98200FAFC66 /* Default@2x.png */; };
		54C70A16172AA98200FAFC66 /* Default-568h@2x.png in Resources */ = {isa = PBXBuildFile; fileRef = 54C70A15172AA98200FAFC66 /* Default-568h@2x.png */; };
		54C70A19172AA98200FAFC66 /* MainStoryboard.storyboard in Resources */ = {isa = PBXBuildFile; fileRef = 54C70A17172AA98200FAFC66 /* MainStoryboard.storyboard */; };
		54C70A1C172AA98200FAFC66 /* ViewController.m in Sources */ = {isa = PBXBuildFile; fileRef = 54C70A1B172AA98200FAFC66 /* ViewController.m */; };
/* End PBXBuildFile section */

/* Begin PBXFileReference section */
		54C709FC172AA98200FAFC66 /* TableSearch.app */ = {isa = PBXFileReference; explicitFileType = wrapper.application; includeInIndex = 0; path = TableSearch.app; sourceTree = BUILT_PRODUCTS_DIR; };
		54C709FF172AA98200FAFC66 /* UIKit.framework */ = {isa = PBXFileReference; lastKnownFileType = wrapper.framework; name = UIKit.framework; path = System/Library/Frameworks/UIKit.framework; sourceTree = SDKROOT; };
		54C70A01172AA98200FAFC66 /* Foundation.framework */ = {isa = PBXFileReference; lastKnownFileType = wrapper.framework; name = Foundation.framework; path = System/Library/Frameworks/Foundation.framework; sourceTree = SDKROOT; };
		54C70A03172AA98200FAFC66 /* CoreGraphics.framework */ = {isa = PBXFileReference; lastKnownFileType = wrapper.framework; name = CoreGraphics.framework; path = System/Library/Frameworks/CoreGraphics.framework; sourceTree = SDKROOT; };
		54C70A07172AA98200FAFC66 /* TableSearch-Info.plist */ = {isa = PBXFileReference; lastKnownFileType = text.plist.xml; path = "TableSearch-Info.plist"; sourceTree = "<group>"; };
		54C70A09172AA98200FAFC66 /* en */ = {isa = PBXFileReference; lastKnownFileType = text.plist.strings; name = en; path = en.lproj/InfoPlist.strings; sourceTree = "<group>"; };
		54C70A0B172AA98200FAFC66 /* main.m */ = {isa = PBXFileReference; lastKnownFileType = sourcecode.c.objc; path = main.m; sourceTree = "<group>"; };
		54C70A0D172AA98200FAFC66 /* TableSearch-Prefix.pch */ = {isa = PBXFileReference; lastKnownFileType = sourcecode.c.h; path = "TableSearch-Prefix.pch"; sourceTree = "<group>"; };
		54C70A0E172AA98200FAFC66 /* AppDelegate.h */ = {isa = PBXFileReference; lastKnownFileType = sourcecode.c.h; path = AppDelegate.h; sourceTree = "<group>"; };
		54C70A0F172AA98200FAFC66 /* AppDelegate.m */ = {isa = PBXFileReference; lastKnownFileType = sourcecode.c.objc; path = AppDelegate.m; sourceTree = "<group>"; };
		54C70A11172AA98200FAFC66 /* Default.png */ = {isa = PBXFileReference; lastKnownFileType = image.png; path = Default.png; sourceTree = "<group>"; };
		54C70A13172AA98200FAFC66 /* Default@2x.png */ = {isa = PBXFileReference; lastKnownFileType = image.png; path = "Default@2x.png"; sourceTree = "<group>"; };
		54C70A15172AA98200FAFC66 /* Default-568h@2x.png */ = {isa = PBXFileReference; lastKnownFileType = image.png; path = "Default-568h@2x.png"; sourceTree = "<group>"; };
		54C70A18172AA98200FAFC66 /* en */ = {isa = PBXFileReference; lastKnownFileType = file.storyboard; name = en; path = en.lproj/MainStoryboard.storyboard; sourceTree = "<group>"; };
		54C70A1A172AA98200FAFC66 /* ViewController.h */ = {isa = PBXFileReference; lastKnownFileType = sourcecode.c.h; path = ViewController.h; sourceTree = "<group>"; };
		54C70A1B172AA98200FAFC66 /* ViewController.m */ = {isa = PBXFileReference; lastKnownFileType = sourcecode.c.objc; path = ViewController.m; sourceTree = "<group>"; };
/* End PBXFileReference section */

/* Begin PBXFrameworksBuildPhase section */
		54C709F9172AA98200FAFC66 /* Frameworks */ = {
			isa = PBXFrameworksBuildPhase;
			buildActionMask = 2147483647;
			files = (
				54C70A00172AA98200FAFC66 /* UIKit.framework in Frameworks */,
				54C70A02172AA98200FAFC66 /* Foundation.framework in Frameworks */,
				54C70A04172AA98200FAFC66 /* CoreGraphics.framework in Frameworks */,
			);
			runOnlyForDeploymentPostprocessing = 0;
		};
/* End PBXFrameworksBuildPhase section */

/* Begin PBXGroup section */
		54C709F3172AA98200FAFC66 = {
			isa = PBXGroup;
			children = (
				54C70A05172AA98200FAFC66 /* TableSearch */,
				54C709FE172AA98200FAFC66 /* Frameworks */,
				54C709FD172AA98200FAFC66 /* Products */,
			);
			sourceTree = "<group>";
		};
		54C709FD172AA98200FAFC66 /* Products */ = {
			isa = PBXGroup;
			children = (
				54C709FC172AA98200FAFC66 /* TableSearch.app */,
			);
			name = Products;
			sourceTree = "<group>";
		};
		54C709FE172AA98200FAFC66 /* Frameworks */ = {
			isa = PBXGroup;
			children = (
				54C709FF172AA98200FAFC66 /* UIKit.framework */,
				54C70A01172AA98200FAFC66 /* Foundation.framework */,
				54C70A03172AA98200FAFC66 /* CoreGraphics.framework */,
			);
			name = Frameworks;
			sourceTree = "<group>";
		};
		54C70A05172AA98200FAFC66 /* TableSearch */ = {
			isa = PBXGroup;
			children = (
				54C70A0E172AA98200FAFC66 /* AppDelegate.h */,
				54C70A0F172AA98200FAFC66 /* AppDelegate.m */,
				54C70A17172AA98200FAFC66 /* MainStoryboard.storyboard */,
				54C70A1A172AA98200FAFC66 /* ViewController.h */,
				54C70A1B172AA98200FAFC66 /* ViewController.m */,
				54C70A06172AA98200FAFC66 /* Supporting Files */,
			);
			path = TableSearch;
			sourceTree = "<group>";
		};
		54C70A06172AA98200FAFC66 /* Supporting Files */ = {
			isa = PBXGroup;
			children = (
				54C70A07172AA98200FAFC66 /* TableSearch-Info.plist */,
				54C70A08172AA98200FAFC66 /* InfoPlist.strings */,
				54C70A0B172AA98200FAFC66 /* main.m */,
				54C70A0D172AA98200FAFC66 /* TableSearch-Prefix.pch */,
				54C70A11172AA98200FAFC66 /* Default.png */,
				54C70A13172AA98200FAFC66 /* Default@2x.png */,
				54C70A15172AA98200FAFC66 /* Default-568h@2x.png */,
			);
			name = "Supporting Files";
			sourceTree = "<group>";
		};
/* End PBXGroup section */

/* Begin PBXNativeTarget section */
		54C709FB172AA98200FAFC66 /* TableSearch */ = {
			isa = PBXNativeTarget;
			buildConfigurationList = 54C70A1F172AA98200FAFC66 /* Build configuration list for PBXNativeTarget "TableSearch" */;
			buildPhases = (
				54C709F8172AA98200FAFC66 /* Sources */,
				54C709F9172AA98200FAFC66 /* Frameworks */,
				54C709FA172AA98200FAFC66 /* Resources */,
			);
			buildRules = (
			);
			dependencies = (
			);
			name = TableSearch;
			productName = TableSearch;
			productReference = 54C709FC172AA98200FAFC66 /* TableSearch.app */;
			productType = "com.apple.product-type.application";
		};
/* End PBXNativeTarget section */

/* Begin PBXProject section */
		54C709F4172AA98200FAFC66 /* Project object */ = {
			isa = PBXProject;
			attributes = {
				LastUpgradeCheck = 0460;
				ORGANIZATIONNAME = "Adrian Phillips";
			};
			buildConfigurationList = 54C709F7172AA98200FAFC66 /* Build configuration list for PBXProject "TableSearch" */;
			compatibilityVersion = "Xcode 3.2";
			developmentRegion = English;
			hasScannedForEncodings = 0;
			knownRegions = (
				en,
			);
			mainGroup = 54C709F3172AA98200FAFC66;
			productRefGroup = 54C709FD172AA98200FAFC66 /* Products */;
			projectDirPath = "";
			projectRoot = "";
			targets = (
				54C709FB172AA98200FAFC66 /* TableSearch */,
			);
		};
/* End PBXProject section */

/* Begin PBXResourcesBuildPhase section */
		54C709FA172AA98200FAFC66 /* Resources */ = {
			isa = PBXResourcesBuildPhase;
			buildActionMask = 2147483647;
			files = (
				54C70A0A172AA98200FAFC66 /* InfoPlist.strings in Resources */,
				54C70A12172AA98200FAFC66 /* Default.png in Resources */,
				54C70A14172AA98200FAFC66 /* Default@2x.png in Resources */,
				54C70A16172AA98200FAFC66 /* Default-568h@2x.png in Resources */,
				54C70A19172AA98200FAFC66 /* MainStoryboard.storyboard in Resources */,
			);
			runOnlyForDeploymentPostprocessing = 0;
		};
/* End PBXResourcesBuildPhase section */

/* Begin PBXSourcesBuildPhase section */
		54C709F8172AA98200FAFC66 /* Sources */ = {
			isa = PBXSourcesBuildPhase;
			buildActionMask = 2147483647;
			files = (
				54C70A0C172AA98200FAFC66 /* main.m in Sources */,
				54C70A10172AA98200FAFC66 /* AppDelegate.m in Sources */,
				54C70A1C172AA98200FAFC66 /* ViewController.m in Sources */,
			);
			runOnlyForDeploymentPostprocessing = 0;
		};
/* End PBXSourcesBuildPhase section */

/* Begin PBXVariantGroup section */
		54C70A08172AA98200FAFC66 /* InfoPlist.strings */ = {
			isa = PBXVariantGroup;
			children = (
				54C70A09172AA98200FAFC66 /* en */,
			);
			name = InfoPlist.strings;
			sourceTree = "<group>";
		};
		54C70A17172AA98200FAFC66 /* MainStoryboard.storyboard */ = {
			isa = PBXVariantGroup;
			children = (
				54C70A18172AA98200FAFC66 /* en */,
			);
			name = MainStoryboard.storyboard;
			sourceTree = "<group>";
		};
/* End PBXVariantGroup section */

/* Begin XCBuildConfiguration section */
		54C70A1D172AA98200FAFC66 /* Debug */ = {
			isa = XCBuildConfiguration;
			buildSettings = {
				ALWAYS_SEARCH_USER_PATHS = NO;
				CLANG_CXX_LANGUAGE_STANDARD = "gnu++0x";
				CLANG_CXX_LIBRARY = "libc++";
				CLANG_WARN_CONSTANT_CONVERSION = YES;
				CLANG_WARN_EMPTY_BODY = YES;
				CLANG_WARN_ENUM_CONVERSION = YES;
				CLANG_WARN_INT_CONVERSION = YES;
				CLANG_WARN__DUPLICATE_METHOD_MATCH = YES;
				"CODE_SIGN_IDENTITY[sdk=iphoneos*]" = "iPhone Developer";
				COPY_PHASE_STRIP = NO;
				GCC_C_LANGUAGE_STANDARD = gnu99;
				GCC_DYNAMIC_NO_PIC = NO;
				GCC_OPTIMIZATION_LEVEL = 0;
				GCC_PREPROCESSOR_DEFINITIONS = (
					"DEBUG=1",
					"$(inherited)",
				);
				GCC_SYMBOLS_PRIVATE_EXTERN = NO;
				GCC_WARN_ABOUT_RETURN_TYPE = YES;
				GCC_WARN_UNINITIALIZED_AUTOS = YES;
				GCC_WARN_UNUSED_VARIABLE = YES;
				IPHONEOS_DEPLOYMENT_TARGET = 6.1;
				ONLY_ACTIVE_ARCH = YES;
				SDKROOT = iphoneos;
			};
			name = Debug;
		};
		54C70A1E172AA98200FAFC66 /* Release */ = {
			isa = XCBuildConfiguration;
			buildSettings = {
				ALWAYS_SEARCH_USER_PATHS = NO;
				CLANG_CXX_LANGUAGE_STANDARD = "gnu++0x";
				CLANG_CXX_LIBRARY = "libc++";
				CLANG_WARN_CONSTANT_CONVERSION = YES;
				CLANG_WARN_EMPTY_BODY = YES;
				CLANG_WARN_ENUM_CONVERSION = YES;
				CLANG_WARN_INT_CONVERSION = YES;
				CLANG_WARN__DUPLICATE_METHOD_MATCH = YES;
				"CODE_SIGN_IDENTITY[sdk=iphoneos*]" = "iPhone Developer";
				COPY_PHASE_STRIP = YES;
				GCC_C_LANGUAGE_STANDARD = gnu99;
				GCC_WARN_ABOUT_RETURN_TYPE = YES;
				GCC_WARN_UNINITIALIZED_AUTOS = YES;
				GCC_WARN_UNUSED_VARIABLE = YES;
				IPHONEOS_DEPLOYMENT_TARGET = 6.1;
				OTHER_CFLAGS = "-DNS_BLOCK_ASSERTIONS=1";
				SDKROOT = iphoneos;
				VALIDATE_PRODUCT = YES;
			};
			name = Release;
		};
		54C70A20172AA98200FAFC66 /* Debug */ = {
			isa = XCBuildConfiguration;
			buildSettings = {
				GCC_PRECOMPILE_PREFIX_HEADER = YES;
				GCC_PREFIX_HEADER = "TableSearch/TableSearch-Prefix.pch";
				INFOPLIST_FILE = "TableSearch/TableSearch-Info.plist";
				PRODUCT_NAME = "$(TARGET_NAME)";
				WRAPPER_EXTENSION = app;
			};
			name = Debug;
		};
		54C70A21172AA98200FAFC66 /* Release */ = {
			isa = XCBuildConfiguration;
			buildSettings = {
				GCC_PRECOMPILE_PREFIX_HEADER = YES;
				GCC_PREFIX_HEADER = "TableSearch/TableSearch-Prefix.pch";
				INFOPLIST_FILE = "TableSearch/TableSearch-Info.plist";
				PRODUCT_NAME = "$(TARGET_NAME)";
				WRAPPER_EXTENSION = app;
			};
			name = Release;
		};
/* End XCBuildConfiguration section */

/* Begin XCConfigurationList section */
		54C709F7172AA98200FAFC66 /* Build configuration list for PBXProject "TableSearch" */ = {
			isa = XCConfigurationList;
			buildConfigurations = (
				54C70A1D172AA98200FAFC66 /* Debug */,
				54C70A1E172AA98200FAFC66 /* Release */,
			);
			defaultConfigurationIsVisible = 0;
			defaultConfigurationName = Release;
		};
		54C70A1F172AA98200FAFC66 /* Build configuration list for PBXNativeTarget "TableSearch" */ = {
			isa = XCConfigurationList;
			buildConfigurations = (
				54C70A20172AA98200FAFC66 /* Debug */,
				54C70A21172AA98200FAFC66 /* Release */,
			);
			defaultConfigurationIsVisible = 0;
		};
/* End XCConfigurationList section */
	};
	rootObject = 54C709F4172AA98200FAFC66 /* Project object */;
}
